
Microsoft Visual Studio Solution File, Format Version 12.00
# Visual Studio Version 16
VisualStudioVersion = 16.0.33328.57
MinimumVisualStudioVersion = 10.0.40219.1
Project("{8BC9CEB8-8B4A-11D0-8D11-00A0C91BC942}") = "Lab06", "Lab06\Lab06.vcxproj", "{62EEF6AF-3DB2-42E2-87B3-618CF774B84A}"
EndProject
Global
	GlobalSection(SolutionConfigurationPlatforms) = preSolution
		Debug|x86 = Debug|x86
		Release|x86 = Release|x86
	EndGlobalSection
	GlobalSection(ProjectConfigurationPlatforms) = postSolution
		{62EEF6AF-3DB2-42E2-87B3-618CF774B84A}.Debug|x86.ActiveCfg = Debug|Win32
		{62EEF6AF-3DB2-42E2-87B3-618CF774B84A}.Debug|x86.Build.0 = Debug|Win32
		{62EEF6AF-3DB2-42E2-87B3-618CF774B84A}.Release|x86.ActiveCfg = Release|Win32
		{62EEF6AF-3DB2-42E2-87B3-618CF774B84A}.Release|x86.Build.0 = Release|Win32
	EndGlobalSection
	GlobalSection(SolutionProperties) = preSolution
		HideSolutionNode = FALSE
	EndGlobalSection
	GlobalSection(ExtensibilityGlobals) = postSolution
		SolutionGuid = {49339760-6F69-49D6-80CF-52F137C043CB}
	EndGlobalSection
EndGlobal
