
Microsoft Visual Studio Solution File, Format Version 12.00
# Visual Studio Version 16
VisualStudioVersion = 16.0.33328.57
MinimumVisualStudioVersion = 10.0.40219.1
Project("{8BC9CEB8-8B4A-11D0-8D11-00A0C91BC942}") = "Lab08", "Lab08\Lab08.vcxproj", "{D0900FFD-F459-4793-96DC-30F82F69990E}"
EndProject
Global
	GlobalSection(SolutionConfigurationPlatforms) = preSolution
		Debug|x86 = Debug|x86
		Release|x86 = Release|x86
	EndGlobalSection
	GlobalSection(ProjectConfigurationPlatforms) = postSolution
		{D0900FFD-F459-4793-96DC-30F82F69990E}.Debug|x86.ActiveCfg = Debug|Win32
		{D0900FFD-F459-4793-96DC-30F82F69990E}.Debug|x86.Build.0 = Debug|Win32
		{D0900FFD-F459-4793-96DC-30F82F69990E}.Release|x86.ActiveCfg = Release|Win32
		{D0900FFD-F459-4793-96DC-30F82F69990E}.Release|x86.Build.0 = Release|Win32
	EndGlobalSection
	GlobalSection(SolutionProperties) = preSolution
		HideSolutionNode = FALSE
	EndGlobalSection
	GlobalSection(ExtensibilityGlobals) = postSolution
		SolutionGuid = {C6676648-A211-426F-96E5-F89039576849}
	EndGlobalSection
EndGlobal
